
Microsoft Visual Studio Solution File, Format Version 12.00
Project("{FAE04EC0-301F-11D3-BF4B-00C04F79EFBC}") = "TASK2.AnotherTriangle", "TASK2.AnotherTriangle\TASK2.AnotherTriangle.csproj", "{D737E831-9718-4B39-B4E5-5821421F5783}"
EndProject
Project("{FAE04EC0-301F-11D3-BF4B-00C04F79EFBC}") = "TASK2.ArrayProcessing", "TASK2.ArrayProcessing\TASK2.ArrayProcessing.csproj", "{BF5B808D-80A9-4849-A494-DAB0B990BFEF}"
EndProject
Project("{FAE04EC0-301F-11D3-BF4B-00C04F79EFBC}") = "TASK2.AverageStringLength", "TASK2.AverageStringLength\TASK2.AverageStringLength.csproj", "{2166C36E-3E13-4424-AF0B-FA684F7ECFBB}"
EndProject
Project("{FAE04EC0-301F-11D3-BF4B-00C04F79EFBC}") = "TASK2.CharDoubler", "TASK2.CharDoubler\TASK2.CharDoubler.csproj", "{0C029CBF-B9B5-43AD-85E0-A7984B13F4B0}"
EndProject
Project("{FAE04EC0-301F-11D3-BF4B-00C04F79EFBC}") = "TASK2.FontAdjustment", "TASK2.FontAdjustment\TASK2.FontAdjustment.csproj", "{3B4A9886-23AE-47E0-A5B9-395431E69EAD}"
EndProject
Project("{FAE04EC0-301F-11D3-BF4B-00C04F79EFBC}") = "TASK2.NonNegativeSum", "TASK2.NonNegativeSum\TASK2.NonNegativeSum.csproj", "{7CD37B3B-1878-4ACF-A0E4-60FDBE827651}"
EndProject
Project("{FAE04EC0-301F-11D3-BF4B-00C04F79EFBC}") = "TASK2.NoPositive", "TASK2.NoPositive\TASK2.NoPositive.csproj", "{8EA941E2-DE61-4E53-8E66-B59F0C23BCFF}"
EndProject
Project("{FAE04EC0-301F-11D3-BF4B-00C04F79EFBC}") = "TASK2.Rectangle", "TASK2.Rectangle\TASK2.Rectangle.csproj", "{87AF7C76-6228-4687-BE4C-106E3ECB0060}"
EndProject
Project("{FAE04EC0-301F-11D3-BF4B-00C04F79EFBC}") = "TASK2.SumOfNumbers", "TASK2.SumOfNumbers\TASK2.SumOfNumbers.csproj", "{DA8AD4E6-E3E4-489F-9EE3-CDA18D3F901B}"
EndProject
Project("{FAE04EC0-301F-11D3-BF4B-00C04F79EFBC}") = "TASK2.Triangle", "TASK2.Triangle\TASK2.Triangle.csproj", "{616B94EE-9016-457D-BAA0-9D76613174DA}"
EndProject
Project("{FAE04EC0-301F-11D3-BF4B-00C04F79EFBC}") = "TASK2.TwoDArray", "TASK2.TwoDArray\TASK2.TwoDArray.csproj", "{C1BB5383-D021-451B-A254-D8653F073784}"
EndProject
Project("{FAE04EC0-301F-11D3-BF4B-00C04F79EFBC}") = "TASK2.XmasTree", "TASK2.XmasTree\TASK2.XmasTree.csproj", "{9E9A2346-57F4-47F2-BA4A-62CEF4D09041}"
EndProject
Global
	GlobalSection(SolutionConfigurationPlatforms) = preSolution
		Debug|Any CPU = Debug|Any CPU
		Release|Any CPU = Release|Any CPU
	EndGlobalSection
	GlobalSection(ProjectConfigurationPlatforms) = postSolution
		{D737E831-9718-4B39-B4E5-5821421F5783}.Debug|Any CPU.ActiveCfg = Debug|Any CPU
		{D737E831-9718-4B39-B4E5-5821421F5783}.Debug|Any CPU.Build.0 = Debug|Any CPU
		{D737E831-9718-4B39-B4E5-5821421F5783}.Release|Any CPU.ActiveCfg = Release|Any CPU
		{D737E831-9718-4B39-B4E5-5821421F5783}.Release|Any CPU.Build.0 = Release|Any CPU
		{BF5B808D-80A9-4849-A494-DAB0B990BFEF}.Debug|Any CPU.ActiveCfg = Debug|Any CPU
		{BF5B808D-80A9-4849-A494-DAB0B990BFEF}.Debug|Any CPU.Build.0 = Debug|Any CPU
		{BF5B808D-80A9-4849-A494-DAB0B990BFEF}.Release|Any CPU.ActiveCfg = Release|Any CPU
		{BF5B808D-80A9-4849-A494-DAB0B990BFEF}.Release|Any CPU.Build.0 = Release|Any CPU
		{2166C36E-3E13-4424-AF0B-FA684F7ECFBB}.Debug|Any CPU.ActiveCfg = Debug|Any CPU
		{2166C36E-3E13-4424-AF0B-FA684F7ECFBB}.Debug|Any CPU.Build.0 = Debug|Any CPU
		{2166C36E-3E13-4424-AF0B-FA684F7ECFBB}.Release|Any CPU.ActiveCfg = Release|Any CPU
		{2166C36E-3E13-4424-AF0B-FA684F7ECFBB}.Release|Any CPU.Build.0 = Release|Any CPU
		{0C029CBF-B9B5-43AD-85E0-A7984B13F4B0}.Debug|Any CPU.ActiveCfg = Debug|Any CPU
		{0C029CBF-B9B5-43AD-85E0-A7984B13F4B0}.Debug|Any CPU.Build.0 = Debug|Any CPU
		{0C029CBF-B9B5-43AD-85E0-A7984B13F4B0}.Release|Any CPU.ActiveCfg = Release|Any CPU
		{0C029CBF-B9B5-43AD-85E0-A7984B13F4B0}.Release|Any CPU.Build.0 = Release|Any CPU
		{3B4A9886-23AE-47E0-A5B9-395431E69EAD}.Debug|Any CPU.ActiveCfg = Debug|Any CPU
		{3B4A9886-23AE-47E0-A5B9-395431E69EAD}.Debug|Any CPU.Build.0 = Debug|Any CPU
		{3B4A9886-23AE-47E0-A5B9-395431E69EAD}.Release|Any CPU.ActiveCfg = Release|Any CPU
		{3B4A9886-23AE-47E0-A5B9-395431E69EAD}.Release|Any CPU.Build.0 = Release|Any CPU
		{7CD37B3B-1878-4ACF-A0E4-60FDBE827651}.Debug|Any CPU.ActiveCfg = Debug|Any CPU
		{7CD37B3B-1878-4ACF-A0E4-60FDBE827651}.Debug|Any CPU.Build.0 = Debug|Any CPU
		{7CD37B3B-1878-4ACF-A0E4-60FDBE827651}.Release|Any CPU.ActiveCfg = Release|Any CPU
		{7CD37B3B-1878-4ACF-A0E4-60FDBE827651}.Release|Any CPU.Build.0 = Release|Any CPU
		{8EA941E2-DE61-4E53-8E66-B59F0C23BCFF}.Debug|Any CPU.ActiveCfg = Debug|Any CPU
		{8EA941E2-DE61-4E53-8E66-B59F0C23BCFF}.Debug|Any CPU.Build.0 = Debug|Any CPU
		{8EA941E2-DE61-4E53-8E66-B59F0C23BCFF}.Release|Any CPU.ActiveCfg = Release|Any CPU
		{8EA941E2-DE61-4E53-8E66-B59F0C23BCFF}.Release|Any CPU.Build.0 = Release|Any CPU
		{87AF7C76-6228-4687-BE4C-106E3ECB0060}.Debug|Any CPU.ActiveCfg = Debug|Any CPU
		{87AF7C76-6228-4687-BE4C-106E3ECB0060}.Debug|Any CPU.Build.0 = Debug|Any CPU
		{87AF7C76-6228-4687-BE4C-106E3ECB0060}.Release|Any CPU.ActiveCfg = Release|Any CPU
		{87AF7C76-6228-4687-BE4C-106E3ECB0060}.Release|Any CPU.Build.0 = Release|Any CPU
		{DA8AD4E6-E3E4-489F-9EE3-CDA18D3F901B}.Debug|Any CPU.ActiveCfg = Debug|Any CPU
		{DA8AD4E6-E3E4-489F-9EE3-CDA18D3F901B}.Debug|Any CPU.Build.0 = Debug|Any CPU
		{DA8AD4E6-E3E4-489F-9EE3-CDA18D3F901B}.Release|Any CPU.ActiveCfg = Release|Any CPU
		{DA8AD4E6-E3E4-489F-9EE3-CDA18D3F901B}.Release|Any CPU.Build.0 = Release|Any CPU
		{616B94EE-9016-457D-BAA0-9D76613174DA}.Debug|Any CPU.ActiveCfg = Debug|Any CPU
		{616B94EE-9016-457D-BAA0-9D76613174DA}.Debug|Any CPU.Build.0 = Debug|Any CPU
		{616B94EE-9016-457D-BAA0-9D76613174DA}.Release|Any CPU.ActiveCfg = Release|Any CPU
		{616B94EE-9016-457D-BAA0-9D76613174DA}.Release|Any CPU.Build.0 = Release|Any CPU
		{C1BB5383-D021-451B-A254-D8653F073784}.Debug|Any CPU.ActiveCfg = Debug|Any CPU
		{C1BB5383-D021-451B-A254-D8653F073784}.Debug|Any CPU.Build.0 = Debug|Any CPU
		{C1BB5383-D021-451B-A254-D8653F073784}.Release|Any CPU.ActiveCfg = Release|Any CPU
		{C1BB5383-D021-451B-A254-D8653F073784}.Release|Any CPU.Build.0 = Release|Any CPU
		{9E9A2346-57F4-47F2-BA4A-62CEF4D09041}.Debug|Any CPU.ActiveCfg = Debug|Any CPU
		{9E9A2346-57F4-47F2-BA4A-62CEF4D09041}.Debug|Any CPU.Build.0 = Debug|Any CPU
		{9E9A2346-57F4-47F2-BA4A-62CEF4D09041}.Release|Any CPU.ActiveCfg = Release|Any CPU
		{9E9A2346-57F4-47F2-BA4A-62CEF4D09041}.Release|Any CPU.Build.0 = Release|Any CPU
	EndGlobalSection
EndGlobal
